
Microsoft Visual Studio Solution File, Format Version 12.00
# Visual Studio Version 17
VisualStudioVersion = 17.14.36408.4
MinimumVisualStudioVersion = 10.0.40219.1
Project("{FAE04EC0-301F-11D3-BF4B-00C04F79EFBC}") = "ECommerceProject.MVC", "ECommerceProject.MVC\ECommerceProject.MVC.csproj", "{65557371-C51B-402E-9C5F-A775F8113F02}"
	ProjectSection(ProjectDependencies) = postProject
		{850DDE82-8A76-493D-BB36-C42550EAB17A} = {850DDE82-8A76-493D-BB36-C42550EAB17A}
		{AAB3B16A-BDFE-4CAA-8463-9AD4FA8CE17E} = {AAB3B16A-BDFE-4CAA-8463-9AD4FA8CE17E}
	EndProjectSection
EndProject
Project("{FAE04EC0-301F-11D3-BF4B-00C04F79EFBC}") = "ECommerceProject.DA", "ECommerceProjectDA\ECommerceProject.DA.csproj", "{AAB3B16A-BDFE-4CAA-8463-9AD4FA8CE17E}"
EndProject
Project("{FAE04EC0-301F-11D3-BF4B-00C04F79EFBC}") = "ECommerceProject.BL", "ECommerceProject.BL\ECommerceProject.BL.csproj", "{850DDE82-8A76-493D-BB36-C42550EAB17A}"
EndProject
Global
	GlobalSection(SolutionConfigurationPlatforms) = preSolution
		Debug|Any CPU = Debug|Any CPU
		Release|Any CPU = Release|Any CPU
	EndGlobalSection
	GlobalSection(ProjectConfigurationPlatforms) = postSolution
		{65557371-C51B-402E-9C5F-A775F8113F02}.Debug|Any CPU.ActiveCfg = Debug|Any CPU
		{65557371-C51B-402E-9C5F-A775F8113F02}.Debug|Any CPU.Build.0 = Debug|Any CPU
		{65557371-C51B-402E-9C5F-A775F8113F02}.Release|Any CPU.ActiveCfg = Release|Any CPU
		{65557371-C51B-402E-9C5F-A775F8113F02}.Release|Any CPU.Build.0 = Release|Any CPU
		{AAB3B16A-BDFE-4CAA-8463-9AD4FA8CE17E}.Debug|Any CPU.ActiveCfg = Debug|Any CPU
		{AAB3B16A-BDFE-4CAA-8463-9AD4FA8CE17E}.Debug|Any CPU.Build.0 = Debug|Any CPU
		{AAB3B16A-BDFE-4CAA-8463-9AD4FA8CE17E}.Release|Any CPU.ActiveCfg = Release|Any CPU
		{AAB3B16A-BDFE-4CAA-8463-9AD4FA8CE17E}.Release|Any CPU.Build.0 = Release|Any CPU
		{850DDE82-8A76-493D-BB36-C42550EAB17A}.Debug|Any CPU.ActiveCfg = Debug|Any CPU
		{850DDE82-8A76-493D-BB36-C42550EAB17A}.Debug|Any CPU.Build.0 = Debug|Any CPU
		{850DDE82-8A76-493D-BB36-C42550EAB17A}.Release|Any CPU.ActiveCfg = Release|Any CPU
		{850DDE82-8A76-493D-BB36-C42550EAB17A}.Release|Any CPU.Build.0 = Release|Any CPU
	EndGlobalSection
	GlobalSection(SolutionProperties) = preSolution
		HideSolutionNode = FALSE
	EndGlobalSection
	GlobalSection(ExtensibilityGlobals) = postSolution
		SolutionGuid = {416ACEB3-0A67-47DB-A1CE-82C54B26EE25}
	EndGlobalSection
EndGlobal
